
Microsoft Visual Studio Solution File, Format Version 12.00
# Visual Studio Version 16
VisualStudioVersion = 16.0.31624.102
MinimumVisualStudioVersion = 10.0.40219.1
Project("{FAE04EC0-301F-11D3-BF4B-00C04F79EFBC}") = "Project1", "Project1\Project1.csproj", "{99AAA561-0EDB-4D48-B96B-9ABFBE781DEC}"
EndProject
Global
	GlobalSection(SolutionConfigurationPlatforms) = preSolution
		Debug|Any CPU = Debug|Any CPU
		Release|Any CPU = Release|Any CPU
	EndGlobalSection
	GlobalSection(ProjectConfigurationPlatforms) = postSolution
		{99AAA561-0EDB-4D48-B96B-9ABFBE781DEC}.Debug|Any CPU.ActiveCfg = Debug|Any CPU
		{99AAA561-0EDB-4D48-B96B-9ABFBE781DEC}.Debug|Any CPU.Build.0 = Debug|Any CPU
		{99AAA561-0EDB-4D48-B96B-9ABFBE781DEC}.Release|Any CPU.ActiveCfg = Release|Any CPU
		{99AAA561-0EDB-4D48-B96B-9ABFBE781DEC}.Release|Any CPU.Build.0 = Release|Any CPU
	EndGlobalSection
	GlobalSection(SolutionProperties) = preSolution
		HideSolutionNode = FALSE
	EndGlobalSection
	GlobalSection(ExtensibilityGlobals) = postSolution
		SolutionGuid = {A3F6B71B-1BB4-454D-94AA-8187BA6BEAA2}
	EndGlobalSection
EndGlobal
